
Microsoft Visual Studio Solution File, Format Version 12.00
# Visual Studio 15
VisualStudioVersion = 15.0.28307.572
MinimumVisualStudioVersion = 10.0.40219.1
Project("{FAE04EC0-301F-11D3-BF4B-00C04F79EFBC}") = "HonglornBL", "HonglornBL\HonglornBL.csproj", "{E78798DC-7408-4D11-AE8D-4ABD4AA5B912}"
EndProject
Project("{FAE04EC0-301F-11D3-BF4B-00C04F79EFBC}") = "HonglornWPF", "HonglornWPF\HonglornWPF.csproj", "{067A9E95-D7B6-4C0B-8E1F-FECA402426DE}"
EndProject
Project("{FAE04EC0-301F-11D3-BF4B-00C04F79EFBC}") = "HonglornAUT", "HonglornAUT\HonglornAUT.csproj", "{B4553E9D-AB13-4936-8379-A2F11D8E15CB}"
EndProject
Project("{FAE04EC0-301F-11D3-BF4B-00C04F79EFBC}") = "HonglornCUT", "HonglornCUT\HonglornCUT.csproj", "{176DB779-47E0-45E7-B03F-55E7E8D67840}"
EndProject
Project("{F088123C-0E9E-452A-89E6-6BA2F21D5CAC}") = "DependencyValidation", "DependencyValidation\DependencyValidation.modelproj", "{4CBB7D53-8CF5-47E4-A5EF-890AD287AB8B}"
EndProject
Project("{FAE04EC0-301F-11D3-BF4B-00C04F79EFBC}") = "HonglornCLI", "HonglornCLI\HonglornCLI.csproj", "{D3DC16E3-8BAD-4521-97CA-0C4CD4FCA065}"
EndProject
Global
	GlobalSection(SolutionConfigurationPlatforms) = preSolution
		Debug|Any CPU = Debug|Any CPU
		Release|Any CPU = Release|Any CPU
	EndGlobalSection
	GlobalSection(ProjectConfigurationPlatforms) = postSolution
		{E78798DC-7408-4D11-AE8D-4ABD4AA5B912}.Debug|Any CPU.ActiveCfg = Debug|Any CPU
		{E78798DC-7408-4D11-AE8D-4ABD4AA5B912}.Debug|Any CPU.Build.0 = Debug|Any CPU
		{E78798DC-7408-4D11-AE8D-4ABD4AA5B912}.Release|Any CPU.ActiveCfg = Release|Any CPU
		{E78798DC-7408-4D11-AE8D-4ABD4AA5B912}.Release|Any CPU.Build.0 = Release|Any CPU
		{067A9E95-D7B6-4C0B-8E1F-FECA402426DE}.Debug|Any CPU.ActiveCfg = Debug|Any CPU
		{067A9E95-D7B6-4C0B-8E1F-FECA402426DE}.Debug|Any CPU.Build.0 = Debug|Any CPU
		{067A9E95-D7B6-4C0B-8E1F-FECA402426DE}.Release|Any CPU.ActiveCfg = Release|Any CPU
		{067A9E95-D7B6-4C0B-8E1F-FECA402426DE}.Release|Any CPU.Build.0 = Release|Any CPU
		{B4553E9D-AB13-4936-8379-A2F11D8E15CB}.Debug|Any CPU.ActiveCfg = Debug|Any CPU
		{B4553E9D-AB13-4936-8379-A2F11D8E15CB}.Debug|Any CPU.Build.0 = Debug|Any CPU
		{B4553E9D-AB13-4936-8379-A2F11D8E15CB}.Release|Any CPU.ActiveCfg = Release|Any CPU
		{B4553E9D-AB13-4936-8379-A2F11D8E15CB}.Release|Any CPU.Build.0 = Release|Any CPU
		{176DB779-47E0-45E7-B03F-55E7E8D67840}.Debug|Any CPU.ActiveCfg = Debug|Any CPU
		{176DB779-47E0-45E7-B03F-55E7E8D67840}.Debug|Any CPU.Build.0 = Debug|Any CPU
		{176DB779-47E0-45E7-B03F-55E7E8D67840}.Release|Any CPU.ActiveCfg = Release|Any CPU
		{176DB779-47E0-45E7-B03F-55E7E8D67840}.Release|Any CPU.Build.0 = Release|Any CPU
		{4CBB7D53-8CF5-47E4-A5EF-890AD287AB8B}.Debug|Any CPU.ActiveCfg = Debug|Any CPU
		{4CBB7D53-8CF5-47E4-A5EF-890AD287AB8B}.Debug|Any CPU.Build.0 = Debug|Any CPU
		{4CBB7D53-8CF5-47E4-A5EF-890AD287AB8B}.Release|Any CPU.ActiveCfg = Release|Any CPU
		{4CBB7D53-8CF5-47E4-A5EF-890AD287AB8B}.Release|Any CPU.Build.0 = Release|Any CPU
		{D3DC16E3-8BAD-4521-97CA-0C4CD4FCA065}.Debug|Any CPU.ActiveCfg = Debug|Any CPU
		{D3DC16E3-8BAD-4521-97CA-0C4CD4FCA065}.Debug|Any CPU.Build.0 = Debug|Any CPU
		{D3DC16E3-8BAD-4521-97CA-0C4CD4FCA065}.Release|Any CPU.ActiveCfg = Release|Any CPU
		{D3DC16E3-8BAD-4521-97CA-0C4CD4FCA065}.Release|Any CPU.Build.0 = Release|Any CPU
	EndGlobalSection
	GlobalSection(SolutionProperties) = preSolution
		HideSolutionNode = FALSE
	EndGlobalSection
	GlobalSection(ExtensibilityGlobals) = postSolution
		SolutionGuid = {40D8BA1D-E7EF-4363-BBEF-9B2E2122AC0F}
	EndGlobalSection
EndGlobal
