
Microsoft Visual Studio Solution File, Format Version 12.00
# Visual Studio 14
VisualStudioVersion = 14.0.24720.0
MinimumVisualStudioVersion = 10.0.40219.1
Project("{FAE04EC0-301F-11D3-BF4B-00C04F79EFBC}") = "HonglornBL", "HonglornBL\HonglornBL.csproj", "{E78798DC-7408-4D11-AE8D-4ABD4AA5B912}"
EndProject
Project("{FAE04EC0-301F-11D3-BF4B-00C04F79EFBC}") = "HonglornWinForm", "HonglornWinForm\HonglornWinForm.csproj", "{9FD5590A-6EBE-4810-8784-67A1EE690B4F}"
EndProject
Project("{FAE04EC0-301F-11D3-BF4B-00C04F79EFBC}") = "HonglornWPF", "HonglornWPF\HonglornWPF.csproj", "{09FBBEB8-A026-4D46-8AA3-36CFB6D9C71A}"
EndProject
Global
	GlobalSection(SolutionConfigurationPlatforms) = preSolution
		Debug|Any CPU = Debug|Any CPU
		Release|Any CPU = Release|Any CPU
	EndGlobalSection
	GlobalSection(ProjectConfigurationPlatforms) = postSolution
		{E78798DC-7408-4D11-AE8D-4ABD4AA5B912}.Debug|Any CPU.ActiveCfg = Debug|Any CPU
		{E78798DC-7408-4D11-AE8D-4ABD4AA5B912}.Debug|Any CPU.Build.0 = Debug|Any CPU
		{E78798DC-7408-4D11-AE8D-4ABD4AA5B912}.Release|Any CPU.ActiveCfg = Release|Any CPU
		{E78798DC-7408-4D11-AE8D-4ABD4AA5B912}.Release|Any CPU.Build.0 = Release|Any CPU
		{9FD5590A-6EBE-4810-8784-67A1EE690B4F}.Debug|Any CPU.ActiveCfg = Debug|Any CPU
		{9FD5590A-6EBE-4810-8784-67A1EE690B4F}.Debug|Any CPU.Build.0 = Debug|Any CPU
		{9FD5590A-6EBE-4810-8784-67A1EE690B4F}.Release|Any CPU.ActiveCfg = Release|Any CPU
		{9FD5590A-6EBE-4810-8784-67A1EE690B4F}.Release|Any CPU.Build.0 = Release|Any CPU
		{09FBBEB8-A026-4D46-8AA3-36CFB6D9C71A}.Debug|Any CPU.ActiveCfg = Debug|Any CPU
		{09FBBEB8-A026-4D46-8AA3-36CFB6D9C71A}.Debug|Any CPU.Build.0 = Debug|Any CPU
		{09FBBEB8-A026-4D46-8AA3-36CFB6D9C71A}.Release|Any CPU.ActiveCfg = Release|Any CPU
		{09FBBEB8-A026-4D46-8AA3-36CFB6D9C71A}.Release|Any CPU.Build.0 = Release|Any CPU
	EndGlobalSection
	GlobalSection(SolutionProperties) = preSolution
		HideSolutionNode = FALSE
	EndGlobalSection
EndGlobal
